PODS:
  - LZDTools (0.1.0):
    - LZDTools/Catagory (= 0.1.0)
    - LZDTools/Encryptions (= 0.1.0)
    - LZDTools/LZDLoopView (= 0.1.0)
    - LZDTools/PlaceholderTextView (= 0.1.0)
  - LZDTools/Catagory (0.1.0)
  - LZDTools/Encryptions (0.1.0)
  - LZDTools/LZDLoopView (0.1.0)
  - LZDTools/PlaceholderTextView (0.1.0)

DEPENDENCIES:
  - LZDTools (from `../`)

EXTERNAL SOURCES:
  LZDTools:
    :path: "../"

SPEC CHECKSUMS:
  LZDTools: ce289fd3123160b9cda1994ef593720d1f673b7c

PODFILE CHECKSUM: 67719a4c33ebc92285f563d7c1d739f2c709614a

COCOAPODS: 1.9.2
